
Microsoft Visual Studio Solution File, Format Version 12.00
# Visual Studio Version 17
VisualStudioVersion = 17.7.34003.232
MinimumVisualStudioVersion = 10.0.40219.1
Project("{FAE04EC0-301F-11D3-BF4B-00C04F79EFBC}") = "DebugOutputViewer", "DebugOutputViewer\DebugOutputViewer.csproj", "{FE9462B4-13AE-4EF9-8CE7-CDFD4EEC1FC1}"
EndProject
Global
	GlobalSection(SolutionConfigurationPlatforms) = preSolution
		Debug|Any CPU = Debug|Any CPU
		Release|Any CPU = Release|Any CPU
	EndGlobalSection
	GlobalSection(ProjectConfigurationPlatforms) = postSolution
		{FE9462B4-13AE-4EF9-8CE7-CDFD4EEC1FC1}.Debug|Any CPU.ActiveCfg = Debug|Any CPU
		{FE9462B4-13AE-4EF9-8CE7-CDFD4EEC1FC1}.Debug|Any CPU.Build.0 = Debug|Any CPU
		{FE9462B4-13AE-4EF9-8CE7-CDFD4EEC1FC1}.Release|Any CPU.ActiveCfg = Release|Any CPU
		{FE9462B4-13AE-4EF9-8CE7-CDFD4EEC1FC1}.Release|Any CPU.Build.0 = Release|Any CPU
	EndGlobalSection
	GlobalSection(SolutionProperties) = preSolution
		HideSolutionNode = FALSE
	EndGlobalSection
	GlobalSection(ExtensibilityGlobals) = postSolution
		SolutionGuid = {F7438BCD-A62E-4844-9D43-98C74EB6F551}
	EndGlobalSection
EndGlobal
